
Microsoft Visual Studio Solution File, Format Version 12.00
# Visual Studio 2015
Project("{FAE04EC0-301F-11D3-BF4B-00C04F79EFBC}") = "Ateam.CSharp", "Ateam.CSharp.csproj", "{593FC07E-CE51-2A18-9E71-2F65A98C65D8}"
EndProject
Global
	GlobalSection(SolutionConfigurationPlatforms) = preSolution
		Debug|Any CPU = Debug|Any CPU
		Release|Any CPU = Release|Any CPU
	EndGlobalSection
	GlobalSection(ProjectConfigurationPlatforms) = postSolution
		{593FC07E-CE51-2A18-9E71-2F65A98C65D8}.Debug|Any CPU.ActiveCfg = Debug|Any CPU
		{593FC07E-CE51-2A18-9E71-2F65A98C65D8}.Debug|Any CPU.Build.0 = Debug|Any CPU
		{593FC07E-CE51-2A18-9E71-2F65A98C65D8}.Release|Any CPU.ActiveCfg = Release|Any CPU
		{593FC07E-CE51-2A18-9E71-2F65A98C65D8}.Release|Any CPU.Build.0 = Release|Any CPU
	EndGlobalSection
	GlobalSection(SolutionProperties) = preSolution
		HideSolutionNode = FALSE
	EndGlobalSection
EndGlobal
